
Microsoft Visual Studio Solution File, Format Version 12.00
# Visual Studio Version 17
VisualStudioVersion = 17.4.33403.182
MinimumVisualStudioVersion = 10.0.40219.1
Project("{FAE04EC0-301F-11D3-BF4B-00C04F79EFBC}") = "Legit", "Legit.csproj", "{A9B686A7-F65B-4888-8613-02A6725E3254}"
EndProject
Global
	GlobalSection(SolutionConfigurationPlatforms) = preSolution
		Debug|Any CPU = Debug|Any CPU
		Release|Any CPU = Release|Any CPU
	EndGlobalSection
	GlobalSection(ProjectConfigurationPlatforms) = postSolution
		{A9B686A7-F65B-4888-8613-02A6725E3254}.Debug|Any CPU.ActiveCfg = Debug|Any CPU
		{A9B686A7-F65B-4888-8613-02A6725E3254}.Debug|Any CPU.Build.0 = Debug|Any CPU
		{A9B686A7-F65B-4888-8613-02A6725E3254}.Release|Any CPU.ActiveCfg = Release|Any CPU
		{A9B686A7-F65B-4888-8613-02A6725E3254}.Release|Any CPU.Build.0 = Release|Any CPU
	EndGlobalSection
	GlobalSection(SolutionProperties) = preSolution
		HideSolutionNode = FALSE
	EndGlobalSection
	GlobalSection(ExtensibilityGlobals) = postSolution
		SolutionGuid = {651E43E5-CDAB-4707-9202-243E7931A53D}
	EndGlobalSection
EndGlobal
